
Microsoft Visual Studio Solution File, Format Version 12.00
Project("{FAE04EC0-301F-11D3-BF4B-00C04F79EFBC}") = "DesktopTodo", "DesktopTodo\DesktopTodo.csproj", "{C079D6DA-0CD2-4A52-9D4E-AF5F48F6E54E}"
EndProject
Project("{FAE04EC0-301F-11D3-BF4B-00C04F79EFBC}") = "DesktopTodo.Tests", "DesktopTodo.Tests\DesktopTodo.Tests.csproj", "{F8E57D12-0094-42A1-B274-FC22A03BE05D}"
EndProject
Global
	GlobalSection(SolutionConfigurationPlatforms) = preSolution
		Debug|Any CPU = Debug|Any CPU
		Debug|x64 = Debug|x64
		Debug|x86 = Debug|x86
		Release|Any CPU = Release|Any CPU
		Release|x64 = Release|x64
		Release|x86 = Release|x86
	EndGlobalSection
	GlobalSection(ProjectConfigurationPlatforms) = postSolution
		{C079D6DA-0CD2-4A52-9D4E-AF5F48F6E54E}.Debug|Any CPU.ActiveCfg = Debug|Any CPU
		{C079D6DA-0CD2-4A52-9D4E-AF5F48F6E54E}.Debug|Any CPU.Build.0 = Debug|Any CPU
		{C079D6DA-0CD2-4A52-9D4E-AF5F48F6E54E}.Debug|x64.ActiveCfg = Debug|Any CPU
		{C079D6DA-0CD2-4A52-9D4E-AF5F48F6E54E}.Debug|x64.Build.0 = Debug|Any CPU
		{C079D6DA-0CD2-4A52-9D4E-AF5F48F6E54E}.Debug|x86.ActiveCfg = Debug|Any CPU
		{C079D6DA-0CD2-4A52-9D4E-AF5F48F6E54E}.Debug|x86.Build.0 = Debug|Any CPU
		{C079D6DA-0CD2-4A52-9D4E-AF5F48F6E54E}.Release|Any CPU.ActiveCfg = Release|Any CPU
		{C079D6DA-0CD2-4A52-9D4E-AF5F48F6E54E}.Release|Any CPU.Build.0 = Release|Any CPU
		{C079D6DA-0CD2-4A52-9D4E-AF5F48F6E54E}.Release|x64.ActiveCfg = Release|Any CPU
		{C079D6DA-0CD2-4A52-9D4E-AF5F48F6E54E}.Release|x64.Build.0 = Release|Any CPU
		{C079D6DA-0CD2-4A52-9D4E-AF5F48F6E54E}.Release|x86.ActiveCfg = Release|Any CPU
		{C079D6DA-0CD2-4A52-9D4E-AF5F48F6E54E}.Release|x86.Build.0 = Release|Any CPU
		{F8E57D12-0094-42A1-B274-FC22A03BE05D}.Debug|Any CPU.ActiveCfg = Debug|Any CPU
		{F8E57D12-0094-42A1-B274-FC22A03BE05D}.Debug|Any CPU.Build.0 = Debug|Any CPU
		{F8E57D12-0094-42A1-B274-FC22A03BE05D}.Debug|x64.ActiveCfg = Debug|Any CPU
		{F8E57D12-0094-42A1-B274-FC22A03BE05D}.Debug|x64.Build.0 = Debug|Any CPU
		{F8E57D12-0094-42A1-B274-FC22A03BE05D}.Debug|x86.ActiveCfg = Debug|Any CPU
		{F8E57D12-0094-42A1-B274-FC22A03BE05D}.Debug|x86.Build.0 = Debug|Any CPU
		{F8E57D12-0094-42A1-B274-FC22A03BE05D}.Release|Any CPU.ActiveCfg = Release|Any CPU
		{F8E57D12-0094-42A1-B274-FC22A03BE05D}.Release|Any CPU.Build.0 = Release|Any CPU
		{F8E57D12-0094-42A1-B274-FC22A03BE05D}.Release|x64.ActiveCfg = Release|Any CPU
		{F8E57D12-0094-42A1-B274-FC22A03BE05D}.Release|x64.Build.0 = Release|Any CPU
		{F8E57D12-0094-42A1-B274-FC22A03BE05D}.Release|x86.ActiveCfg = Release|Any CPU
		{F8E57D12-0094-42A1-B274-FC22A03BE05D}.Release|x86.Build.0 = Release|Any CPU
	EndGlobalSection
	GlobalSection(SolutionProperties) = preSolution
		HideSolutionNode = FALSE
	EndGlobalSection
EndGlobal
